
Microsoft Visual Studio Solution File, Format Version 12.00
Project("{FAE04EC0-301F-11D3-BF4B-00C04F79EFBC}") = "client", "client\client.csproj", "{89D1F95B-9932-4C76-934A-54CD626426F1}"
EndProject
Project("{FAE04EC0-301F-11D3-BF4B-00C04F79EFBC}") = "model", "model\model.csproj", "{3293DD92-BD7B-472A-8138-1400A4ACC12E}"
EndProject
Project("{FAE04EC0-301F-11D3-BF4B-00C04F79EFBC}") = "networking", "networking\networking.csproj", "{0D204491-D39F-461A-989F-5D46DD375066}"
EndProject
Project("{FAE04EC0-301F-11D3-BF4B-00C04F79EFBC}") = "persistence", "persistence\persistence.csproj", "{C6EEC301-0392-411B-97E0-566D00A4AE9A}"
EndProject
Project("{FAE04EC0-301F-11D3-BF4B-00C04F79EFBC}") = "server", "server\server.csproj", "{91BA5F29-91F2-4FE6-A8B1-45F65FBD7F69}"
EndProject
Project("{FAE04EC0-301F-11D3-BF4B-00C04F79EFBC}") = "services", "services\services.csproj", "{06F5C0E3-BB4F-4ECF-B77D-747CF145E565}"
EndProject
Global
	GlobalSection(SolutionConfigurationPlatforms) = preSolution
		Debug|Any CPU = Debug|Any CPU
		Release|Any CPU = Release|Any CPU
	EndGlobalSection
	GlobalSection(ProjectConfigurationPlatforms) = postSolution
		{89D1F95B-9932-4C76-934A-54CD626426F1}.Debug|Any CPU.ActiveCfg = Debug|Any CPU
		{89D1F95B-9932-4C76-934A-54CD626426F1}.Debug|Any CPU.Build.0 = Debug|Any CPU
		{89D1F95B-9932-4C76-934A-54CD626426F1}.Release|Any CPU.ActiveCfg = Release|Any CPU
		{89D1F95B-9932-4C76-934A-54CD626426F1}.Release|Any CPU.Build.0 = Release|Any CPU
		{3293DD92-BD7B-472A-8138-1400A4ACC12E}.Debug|Any CPU.ActiveCfg = Debug|Any CPU
		{3293DD92-BD7B-472A-8138-1400A4ACC12E}.Debug|Any CPU.Build.0 = Debug|Any CPU
		{3293DD92-BD7B-472A-8138-1400A4ACC12E}.Release|Any CPU.ActiveCfg = Release|Any CPU
		{3293DD92-BD7B-472A-8138-1400A4ACC12E}.Release|Any CPU.Build.0 = Release|Any CPU
		{0D204491-D39F-461A-989F-5D46DD375066}.Debug|Any CPU.ActiveCfg = Debug|Any CPU
		{0D204491-D39F-461A-989F-5D46DD375066}.Debug|Any CPU.Build.0 = Debug|Any CPU
		{0D204491-D39F-461A-989F-5D46DD375066}.Release|Any CPU.ActiveCfg = Release|Any CPU
		{0D204491-D39F-461A-989F-5D46DD375066}.Release|Any CPU.Build.0 = Release|Any CPU
		{C6EEC301-0392-411B-97E0-566D00A4AE9A}.Debug|Any CPU.ActiveCfg = Debug|Any CPU
		{C6EEC301-0392-411B-97E0-566D00A4AE9A}.Debug|Any CPU.Build.0 = Debug|Any CPU
		{C6EEC301-0392-411B-97E0-566D00A4AE9A}.Release|Any CPU.ActiveCfg = Release|Any CPU
		{C6EEC301-0392-411B-97E0-566D00A4AE9A}.Release|Any CPU.Build.0 = Release|Any CPU
		{91BA5F29-91F2-4FE6-A8B1-45F65FBD7F69}.Debug|Any CPU.ActiveCfg = Debug|Any CPU
		{91BA5F29-91F2-4FE6-A8B1-45F65FBD7F69}.Debug|Any CPU.Build.0 = Debug|Any CPU
		{91BA5F29-91F2-4FE6-A8B1-45F65FBD7F69}.Release|Any CPU.ActiveCfg = Release|Any CPU
		{91BA5F29-91F2-4FE6-A8B1-45F65FBD7F69}.Release|Any CPU.Build.0 = Release|Any CPU
		{06F5C0E3-BB4F-4ECF-B77D-747CF145E565}.Debug|Any CPU.ActiveCfg = Debug|Any CPU
		{06F5C0E3-BB4F-4ECF-B77D-747CF145E565}.Debug|Any CPU.Build.0 = Debug|Any CPU
		{06F5C0E3-BB4F-4ECF-B77D-747CF145E565}.Release|Any CPU.ActiveCfg = Release|Any CPU
		{06F5C0E3-BB4F-4ECF-B77D-747CF145E565}.Release|Any CPU.Build.0 = Release|Any CPU
	EndGlobalSection
EndGlobal
